
Microsoft Visual Studio Solution File, Format Version 12.00
# Visual Studio Version 17
VisualStudioVersion = 17.10.34916.146
MinimumVisualStudioVersion = 10.0.40219.1
Project("{9A19103F-16F7-4668-BE54-9A1E7A4F7556}") = "MicroServicePatient", "MicroServices\MicroServicePatient.csproj", "{A8176CC9-063B-414B-9CD8-D6112AF485A0}"
EndProject
Project("{9A19103F-16F7-4668-BE54-9A1E7A4F7556}") = "MicroFrontEnd", "MicroFrontEnd\MicroFrontEnd.csproj", "{10D96B0A-45DB-4D55-AF61-57C8F998DFD2}"
	ProjectSection(ProjectDependencies) = postProject
		{6129A303-333C-47C4-B66E-EBCAB5F23E11} = {6129A303-333C-47C4-B66E-EBCAB5F23E11}
		{ED34D362-A0BE-4139-9982-0E661BFD77CD} = {ED34D362-A0BE-4139-9982-0E661BFD77CD}
	EndProjectSection
EndProject
Project("{9A19103F-16F7-4668-BE54-9A1E7A4F7556}") = "OcelotAPIGw", "OcelotAPIGw\OcelotAPIGw.csproj", "{598DB48C-5640-44C2-84E8-1BFE6580A81F}"
EndProject
Project("{E53339B2-1760-4266-BCC7-CA923CBCF16C}") = "docker-compose", "docker-compose.dcproj", "{15F9B5CD-20F4-4171-A1D8-37AF1DF6AA62}"
EndProject
Project("{9A19103F-16F7-4668-BE54-9A1E7A4F7556}") = "MicroServiceNote", "MicroServiceNote\MicroServiceNote.csproj", "{ED34D362-A0BE-4139-9982-0E661BFD77CD}"
EndProject
Project("{9A19103F-16F7-4668-BE54-9A1E7A4F7556}") = "MicroServiceReport", "MicroServiceReport\MicroServiceReport.csproj", "{6129A303-333C-47C4-B66E-EBCAB5F23E11}"
EndProject
Project("{9A19103F-16F7-4668-BE54-9A1E7A4F7556}") = "MicroServiceAuth", "MicroServiceAuth\MicroServiceAuth.csproj", "{58141897-70F7-497B-BB5C-D259CB713674}"
EndProject
Global
	GlobalSection(SolutionConfigurationPlatforms) = preSolution
		Debug|Any CPU = Debug|Any CPU
		Release|Any CPU = Release|Any CPU
	EndGlobalSection
	GlobalSection(ProjectConfigurationPlatforms) = postSolution
		{A8176CC9-063B-414B-9CD8-D6112AF485A0}.Debug|Any CPU.ActiveCfg = Debug|Any CPU
		{A8176CC9-063B-414B-9CD8-D6112AF485A0}.Debug|Any CPU.Build.0 = Debug|Any CPU
		{A8176CC9-063B-414B-9CD8-D6112AF485A0}.Release|Any CPU.ActiveCfg = Release|Any CPU
		{A8176CC9-063B-414B-9CD8-D6112AF485A0}.Release|Any CPU.Build.0 = Release|Any CPU
		{10D96B0A-45DB-4D55-AF61-57C8F998DFD2}.Debug|Any CPU.ActiveCfg = Debug|Any CPU
		{10D96B0A-45DB-4D55-AF61-57C8F998DFD2}.Debug|Any CPU.Build.0 = Debug|Any CPU
		{10D96B0A-45DB-4D55-AF61-57C8F998DFD2}.Release|Any CPU.ActiveCfg = Release|Any CPU
		{10D96B0A-45DB-4D55-AF61-57C8F998DFD2}.Release|Any CPU.Build.0 = Release|Any CPU
		{598DB48C-5640-44C2-84E8-1BFE6580A81F}.Debug|Any CPU.ActiveCfg = Debug|Any CPU
		{598DB48C-5640-44C2-84E8-1BFE6580A81F}.Debug|Any CPU.Build.0 = Debug|Any CPU
		{598DB48C-5640-44C2-84E8-1BFE6580A81F}.Release|Any CPU.ActiveCfg = Release|Any CPU
		{598DB48C-5640-44C2-84E8-1BFE6580A81F}.Release|Any CPU.Build.0 = Release|Any CPU
		{15F9B5CD-20F4-4171-A1D8-37AF1DF6AA62}.Debug|Any CPU.ActiveCfg = Debug|Any CPU
		{15F9B5CD-20F4-4171-A1D8-37AF1DF6AA62}.Debug|Any CPU.Build.0 = Debug|Any CPU
		{15F9B5CD-20F4-4171-A1D8-37AF1DF6AA62}.Release|Any CPU.ActiveCfg = Release|Any CPU
		{15F9B5CD-20F4-4171-A1D8-37AF1DF6AA62}.Release|Any CPU.Build.0 = Release|Any CPU
		{ED34D362-A0BE-4139-9982-0E661BFD77CD}.Debug|Any CPU.ActiveCfg = Debug|Any CPU
		{ED34D362-A0BE-4139-9982-0E661BFD77CD}.Debug|Any CPU.Build.0 = Debug|Any CPU
		{ED34D362-A0BE-4139-9982-0E661BFD77CD}.Release|Any CPU.ActiveCfg = Release|Any CPU
		{ED34D362-A0BE-4139-9982-0E661BFD77CD}.Release|Any CPU.Build.0 = Release|Any CPU
		{6129A303-333C-47C4-B66E-EBCAB5F23E11}.Debug|Any CPU.ActiveCfg = Debug|Any CPU
		{6129A303-333C-47C4-B66E-EBCAB5F23E11}.Debug|Any CPU.Build.0 = Debug|Any CPU
		{6129A303-333C-47C4-B66E-EBCAB5F23E11}.Release|Any CPU.ActiveCfg = Release|Any CPU
		{6129A303-333C-47C4-B66E-EBCAB5F23E11}.Release|Any CPU.Build.0 = Release|Any CPU
		{58141897-70F7-497B-BB5C-D259CB713674}.Debug|Any CPU.ActiveCfg = Debug|Any CPU
		{58141897-70F7-497B-BB5C-D259CB713674}.Debug|Any CPU.Build.0 = Debug|Any CPU
		{58141897-70F7-497B-BB5C-D259CB713674}.Release|Any CPU.ActiveCfg = Release|Any CPU
		{58141897-70F7-497B-BB5C-D259CB713674}.Release|Any CPU.Build.0 = Release|Any CPU
	EndGlobalSection
	GlobalSection(SolutionProperties) = preSolution
		HideSolutionNode = FALSE
	EndGlobalSection
	GlobalSection(ExtensibilityGlobals) = postSolution
		SolutionGuid = {31D41D93-3AD5-4092-8480-20EFCA34916A}
	EndGlobalSection
EndGlobal
